// !$*UTF8*$!
{
	archiveVersion = 1;
	classes = {
	};
	objectVersion = 51;
	objects = {

/* Begin PBXBuildFile section */
		33970A88E494927173424856 /* Pods_Bopy.framework in Frameworks */ = {isa = PBXBuildFile; fileRef = 12CDF2992ECEFD0A8A6446BF /* Pods_Bopy.framework */; };
		D0ADA49423AB09DC0060409D /* AppDelegate.swift in Sources */ = {isa = PBXBuildFile; fileRef = D0ADA49323AB09DC0060409D /* AppDelegate.swift */; };
		D0ADA49623AB09DC0060409D /* SceneDelegate.swift in Sources */ = {isa = PBXBuildFile; fileRef = D0ADA49523AB09DC0060409D /* SceneDelegate.swift */; };
		D0ADA49823AB09DC0060409D /* LoginViewController.swift in Sources */ = {isa = PBXBuildFile; fileRef = D0ADA49723AB09DC0060409D /* LoginViewController.swift */; };
		D0ADA49B23AB09DC0060409D /* Main.storyboard in Resources */ = {isa = PBXBuildFile; fileRef = D0ADA49923AB09DC0060409D /* Main.storyboard */; };
		D0ADA49D23AB09DC0060409D /* Assets.xcassets in Resources */ = {isa = PBXBuildFile; fileRef = D0ADA49C23AB09DC0060409D /* Assets.xcassets */; };
		D0ADA4A023AB09DC0060409D /* LaunchScreen.storyboard in Resources */ = {isa = PBXBuildFile; fileRef = D0ADA49E23AB09DC0060409D /* LaunchScreen.storyboard */; };
		D0ADA4A823AB19590060409D /* SignupViewController.swift in Sources */ = {isa = PBXBuildFile; fileRef = D0ADA4A723AB19590060409D /* SignupViewController.swift */; };
		D0ADA4AA23AB23500060409D /* UIViewController+hideKeyboard.swift in Sources */ = {isa = PBXBuildFile; fileRef = D0ADA4A923AB23500060409D /* UIViewController+hideKeyboard.swift */; };
		D0ADA4AE23AB24140060409D /* ResetPasswordViewController.swift in Sources */ = {isa = PBXBuildFile; fileRef = D0ADA4AD23AB24140060409D /* ResetPasswordViewController.swift */; };
		D0ADA4B023AB26D10060409D /* GoogleService-Info.plist in Resources */ = {isa = PBXBuildFile; fileRef = D0ADA4AF23AB26D10060409D /* GoogleService-Info.plist */; };
		D0ADA4B223AB51AE0060409D /* MainPageViewController.swift in Sources */ = {isa = PBXBuildFile; fileRef = D0ADA4B123AB51AE0060409D /* MainPageViewController.swift */; };
/* End PBXBuildFile section */

/* Begin PBXFileReference section */
		12CDF2992ECEFD0A8A6446BF /* Pods_Bopy.framework */ = {isa = PBXFileReference; explicitFileType = wrapper.framework; includeInIndex = 0; path = Pods_Bopy.framework; sourceTree = BUILT_PRODUCTS_DIR; };
		7570946D0752EDB873964995 /* Pods-Bopy.debug.xcconfig */ = {isa = PBXFileReference; includeInIndex = 1; lastKnownFileType = text.xcconfig; name = "Pods-Bopy.debug.xcconfig"; path = "Target Support Files/Pods-Bopy/Pods-Bopy.debug.xcconfig"; sourceTree = "<group>"; };
		BF5BC72D22621B428FE3ECA4 /* Pods-Bopy.release.xcconfig */ = {isa = PBXFileReference; includeInIndex = 1; lastKnownFileType = text.xcconfig; name = "Pods-Bopy.release.xcconfig"; path = "Target Support Files/Pods-Bopy/Pods-Bopy.release.xcconfig"; sourceTree = "<group>"; };
		D0ADA49023AB09DC0060409D /* Bopy.app */ = {isa = PBXFileReference; explicitFileType = wrapper.application; includeInIndex = 0; path = Bopy.app; sourceTree = BUILT_PRODUCTS_DIR; };
		D0ADA49323AB09DC0060409D /* AppDelegate.swift */ = {isa = PBXFileReference; lastKnownFileType = sourcecode.swift; path = AppDelegate.swift; sourceTree = "<group>"; };
		D0ADA49523AB09DC0060409D /* SceneDelegate.swift */ = {isa = PBXFileReference; lastKnownFileType = sourcecode.swift; path = SceneDelegate.swift; sourceTree = "<group>"; };
		D0ADA49723AB09DC0060409D /* LoginViewController.swift */ = {isa = PBXFileReference; lastKnownFileType = sourcecode.swift; path = LoginViewController.swift; sourceTree = "<group>"; };
		D0ADA49A23AB09DC0060409D /* Base */ = {isa = PBXFileReference; lastKnownFileType = file.storyboard; name = Base; path = Base.lproj/Main.storyboard; sourceTree = "<group>"; };
		D0ADA49C23AB09DC0060409D /* Assets.xcassets */ = {isa = PBXFileReference; lastKnownFileType = folder.assetcatalog; path = Assets.xcassets; sourceTree = "<group>"; };
		D0ADA49F23AB09DC0060409D /* Base */ = {isa = PBXFileReference; lastKnownFileType = file.storyboard; name = Base; path = Base.lproj/LaunchScreen.storyboard; sourceTree = "<group>"; };
		D0ADA4A123AB09DC0060409D /* Info.plist */ = {isa = PBXFileReference; lastKnownFileType = text.plist.xml; path = Info.plist; sourceTree = "<group>"; };
		D0ADA4A723AB19590060409D /* SignupViewController.swift */ = {isa = PBXFileReference; lastKnownFileType = sourcecode.swift; path = SignupViewController.swift; sourceTree = "<group>"; };
		D0ADA4A923AB23500060409D /* UIViewController+hideKeyboard.swift */ = {isa = PBXFileReference; lastKnownFileType = sourcecode.swift; path = "UIViewController+hideKeyboard.swift"; sourceTree = "<group>"; };
		D0ADA4AD23AB24140060409D /* ResetPasswordViewController.swift */ = {isa = PBXFileReference; lastKnownFileType = sourcecode.swift; path = ResetPasswordViewController.swift; sourceTree = "<group>"; };
		D0ADA4AF23AB26D10060409D /* GoogleService-Info.plist */ = {isa = PBXFileReference; fileEncoding = 4; lastKnownFileType = text.plist.xml; path = "GoogleService-Info.plist"; sourceTree = "<group>"; };
		D0ADA4B123AB51AE0060409D /* MainPageViewController.swift */ = {isa = PBXFileReference; lastKnownFileType = sourcecode.swift; path = MainPageViewController.swift; sourceTree = "<group>"; };
/* End PBXFileReference section */

/* Begin PBXFrameworksBuildPhase section */
		D0ADA48D23AB09DC0060409D /* Frameworks */ = {
			isa = PBXFrameworksBuildPhase;
			buildActionMask = 2147483647;
			files = (
				33970A88E494927173424856 /* Pods_Bopy.framework in Frameworks */,
			);
			runOnlyForDeploymentPostprocessing = 0;
		};
/* End PBXFrameworksBuildPhase section */

/* Begin PBXGroup section */
		C98327FF221FF1867FC11C88 /* Frameworks */ = {
			isa = PBXGroup;
			children = (
				12CDF2992ECEFD0A8A6446BF /* Pods_Bopy.framework */,
			);
			name = Frameworks;
			sourceTree = "<group>";
		};
		D0ADA48723AB09DC0060409D = {
			isa = PBXGroup;
			children = (
				D0ADA49223AB09DC0060409D /* Bopy */,
				D0ADA49123AB09DC0060409D /* Products */,
				E0446C28F567209AB32D11B5 /* Pods */,
				C98327FF221FF1867FC11C88 /* Frameworks */,
			);
			sourceTree = "<group>";
		};
		D0ADA49123AB09DC0060409D /* Products */ = {
			isa = PBXGroup;
			children = (
				D0ADA49023AB09DC0060409D /* Bopy.app */,
			);
			name = Products;
			sourceTree = "<group>";
		};
		D0ADA49223AB09DC0060409D /* Bopy */ = {
			isa = PBXGroup;
			children = (
				D0ADA4AC23AB23E70060409D /* Utils */,
				D0ADA4AB23AB23CF0060409D /* Controllers */,
				D0ADA49323AB09DC0060409D /* AppDelegate.swift */,
				D0ADA49523AB09DC0060409D /* SceneDelegate.swift */,
				D0ADA49923AB09DC0060409D /* Main.storyboard */,
				D0ADA49C23AB09DC0060409D /* Assets.xcassets */,
				D0ADA49E23AB09DC0060409D /* LaunchScreen.storyboard */,
				D0ADA4A123AB09DC0060409D /* Info.plist */,
				D0ADA4AF23AB26D10060409D /* GoogleService-Info.plist */,
			);
			path = Bopy;
			sourceTree = "<group>";
		};
		D0ADA4AB23AB23CF0060409D /* Controllers */ = {
			isa = PBXGroup;
			children = (
				D0ADA49723AB09DC0060409D /* LoginViewController.swift */,
				D0ADA4A723AB19590060409D /* SignupViewController.swift */,
				D0ADA4AD23AB24140060409D /* ResetPasswordViewController.swift */,
				D0ADA4B123AB51AE0060409D /* MainPageViewController.swift */,
			);
			path = Controllers;
			sourceTree = "<group>";
		};
		D0ADA4AC23AB23E70060409D /* Utils */ = {
			isa = PBXGroup;
			children = (
				D0ADA4A923AB23500060409D /* UIViewController+hideKeyboard.swift */,
			);
			path = Utils;
			sourceTree = "<group>";
		};
		E0446C28F567209AB32D11B5 /* Pods */ = {
			isa = PBXGroup;
			children = (
				7570946D0752EDB873964995 /* Pods-Bopy.debug.xcconfig */,
				BF5BC72D22621B428FE3ECA4 /* Pods-Bopy.release.xcconfig */,
			);
			path = Pods;
			sourceTree = "<group>";
		};
/* End PBXGroup section */

/* Begin PBXNativeTarget section */
		D0ADA48F23AB09DC0060409D /* Bopy */ = {
			isa = PBXNativeTarget;
			buildConfigurationList = D0ADA4A423AB09DC0060409D /* Build configuration list for PBXNativeTarget "Bopy" */;
			buildPhases = (
				BFA9D083315A408E8FD9719F /* [CP] Check Pods Manifest.lock */,
				D0ADA48C23AB09DC0060409D /* Sources */,
				D0ADA48D23AB09DC0060409D /* Frameworks */,
				D0ADA48E23AB09DC0060409D /* Resources */,
				03048791DDE9A9C82B7FDA38 /* [CP] Embed Pods Frameworks */,
			);
			buildRules = (
			);
			dependencies = (
			);
			name = Bopy;
			productName = Bopy;
			productReference = D0ADA49023AB09DC0060409D /* Bopy.app */;
			productType = "com.apple.product-type.application";
		};
/* End PBXNativeTarget section */

/* Begin PBXProject section */
		D0ADA48823AB09DC0060409D /* Project object */ = {
			isa = PBXProject;
			attributes = {
				LastSwiftUpdateCheck = 1120;
				LastUpgradeCheck = 1120;
				ORGANIZATIONNAME = bojack;
				TargetAttributes = {
					D0ADA48F23AB09DC0060409D = {
						CreatedOnToolsVersion = 11.2.1;
					};
				};
			};
			buildConfigurationList = D0ADA48B23AB09DC0060409D /* Build configuration list for PBXProject "Bopy" */;
			compatibilityVersion = "Xcode 9.3";
			developmentRegion = en;
			hasScannedForEncodings = 0;
			knownRegions = (
				en,
				Base,
			);
			mainGroup = D0ADA48723AB09DC0060409D;
			productRefGroup = D0ADA49123AB09DC0060409D /* Products */;
			projectDirPath = "";
			projectRoot = "";
			targets = (
				D0ADA48F23AB09DC0060409D /* Bopy */,
			);
		};
/* End PBXProject section */

/* Begin PBXResourcesBuildPhase section */
		D0ADA48E23AB09DC0060409D /* Resources */ = {
			isa = PBXResourcesBuildPhase;
			buildActionMask = 2147483647;
			files = (
				D0ADA4A023AB09DC0060409D /* LaunchScreen.storyboard in Resources */,
				D0ADA4B023AB26D10060409D /* GoogleService-Info.plist in Resources */,
				D0ADA49D23AB09DC0060409D /* Assets.xcassets in Resources */,
				D0ADA49B23AB09DC0060409D /* Main.storyboard in Resources */,
			);
			runOnlyForDeploymentPostprocessing = 0;
		};
/* End PBXResourcesBuildPhase section */

/* Begin PBXShellScriptBuildPhase section */
		03048791DDE9A9C82B7FDA38 /* [CP] Embed Pods Frameworks */ = {
			isa = PBXShellScriptBuildPhase;
			buildActionMask = 2147483647;
			files = (
			);
			inputFileListPaths = (
				"${PODS_ROOT}/Target Support Files/Pods-Bopy/Pods-Bopy-frameworks-${CONFIGURATION}-input-files.xcfilelist",
			);
			name = "[CP] Embed Pods Frameworks";
			outputFileListPaths = (
				"${PODS_ROOT}/Target Support Files/Pods-Bopy/Pods-Bopy-frameworks-${CONFIGURATION}-output-files.xcfilelist",
			);
			runOnlyForDeploymentPostprocessing = 0;
			shellPath = /bin/sh;
			shellScript = "\"${PODS_ROOT}/Target Support Files/Pods-Bopy/Pods-Bopy-frameworks.sh\"\n";
			showEnvVarsInLog = 0;
		};
		BFA9D083315A408E8FD9719F /* [CP] Check Pods Manifest.lock */ = {
			isa = PBXShellScriptBuildPhase;
			buildActionMask = 2147483647;
			files = (
			);
			inputFileListPaths = (
			);
			inputPaths = (
				"${PODS_PODFILE_DIR_PATH}/Podfile.lock",
				"${PODS_ROOT}/Manifest.lock",
			);
			name = "[CP] Check Pods Manifest.lock";
			outputFileListPaths = (
			);
			outputPaths = (
				"$(DERIVED_FILE_DIR)/Pods-Bopy-checkManifestLockResult.txt",
			);
			runOnlyForDeploymentPostprocessing = 0;
			shellPath = /bin/sh;
			shellScript = "diff \"${PODS_PODFILE_DIR_PATH}/Podfile.lock\" \"${PODS_ROOT}/Manifest.lock\" > /dev/null\nif [ $? != 0 ] ; then\n    # print error to STDERR\n    echo \"error: The sandbox is not in sync with the Podfile.lock. Run 'pod install' or update your CocoaPods installation.\" >&2\n    exit 1\nfi\n# This output is used by Xcode 'outputs' to avoid re-running this script phase.\necho \"SUCCESS\" > \"${SCRIPT_OUTPUT_FILE_0}\"\n";
			showEnvVarsInLog = 0;
		};
/* End PBXShellScriptBuildPhase section */

/* Begin PBXSourcesBuildPhase section */
		D0ADA48C23AB09DC0060409D /* Sources */ = {
			isa = PBXSourcesBuildPhase;
			buildActionMask = 2147483647;
			files = (
				D0ADA4A823AB19590060409D /* SignupViewController.swift in Sources */,
				D0ADA4B223AB51AE0060409D /* MainPageViewController.swift in Sources */,
				D0ADA49823AB09DC0060409D /* LoginViewController.swift in Sources */,
				D0ADA49423AB09DC0060409D /* AppDelegate.swift in Sources */,
				D0ADA4AE23AB24140060409D /* ResetPasswordViewController.swift in Sources */,
				D0ADA4AA23AB23500060409D /* UIViewController+hideKeyboard.swift in Sources */,
				D0ADA49623AB09DC0060409D /* SceneDelegate.swift in Sources */,
			);
			runOnlyForDeploymentPostprocessing = 0;
		};
/* End PBXSourcesBuildPhase section */

/* Begin PBXVariantGroup section */
		D0ADA49923AB09DC0060409D /* Main.storyboard */ = {
			isa = PBXVariantGroup;
			children = (
				D0ADA49A23AB09DC0060409D /* Base */,
			);
			name = Main.storyboard;
			sourceTree = "<group>";
		};
		D0ADA49E23AB09DC0060409D /* LaunchScreen.storyboard */ = {
			isa = PBXVariantGroup;
			children = (
				D0ADA49F23AB09DC0060409D /* Base */,
			);
			name = LaunchScreen.storyboard;
			sourceTree = "<group>";
		};
/* End PBXVariantGroup section */

/* Begin XCBuildConfiguration section */
		D0ADA4A223AB09DC0060409D /* Debug */ = {
			isa = XCBuildConfiguration;
			buildSettings = {
				ALWAYS_SEARCH_USER_PATHS = NO;
				CLANG_ANALYZER_NONNULL = YES;
				CLANG_ANALYZER_NUMBER_OBJECT_CONVERSION = YES_AGGRESSIVE;
				CLANG_CXX_LANGUAGE_STANDARD = "gnu++14";
				CLANG_CXX_LIBRARY = "libc++";
				CLANG_ENABLE_MODULES = YES;
				CLANG_ENABLE_OBJC_ARC = YES;
				CLANG_ENABLE_OBJC_WEAK = YES;
				CLANG_WARN_BLOCK_CAPTURE_AUTORELEASING = YES;
				CLANG_WARN_BOOL_CONVERSION = YES;
				CLANG_WARN_COMMA = YES;
				CLANG_WARN_CONSTANT_CONVERSION = YES;
				CLANG_WARN_DEPRECATED_OBJC_IMPLEMENTATIONS = YES;
				CLANG_WARN_DIRECT_OBJC_ISA_USAGE = YES_ERROR;
				CLANG_WARN_DOCUMENTATION_COMMENTS = YES;
				CLANG_WARN_EMPTY_BODY = YES;
				CLANG_WARN_ENUM_CONVERSION = YES;
				CLANG_WARN_INFINITE_RECURSION = YES;
				CLANG_WARN_INT_CONVERSION = YES;
				CLANG_WARN_NON_LITERAL_NULL_CONVERSION = YES;
				CLANG_WARN_OBJC_IMPLICIT_RETAIN_SELF = YES;
				CLANG_WARN_OBJC_LITERAL_CONVERSION = YES;
				CLANG_WARN_OBJC_ROOT_CLASS = YES_ERROR;
				CLANG_WARN_RANGE_LOOP_ANALYSIS = YES;
				CLANG_WARN_STRICT_PROTOTYPES = YES;
				CLANG_WARN_SUSPICIOUS_MOVE = YES;
				CLANG_WARN_UNGUARDED_AVAILABILITY = YES_AGGRESSIVE;
				CLANG_WARN_UNREACHABLE_CODE = YES;
				CLANG_WARN__DUPLICATE_METHOD_MATCH = YES;
				COPY_PHASE_STRIP = NO;
				DEBUG_INFORMATION_FORMAT = dwarf;
				ENABLE_STRICT_OBJC_MSGSEND = YES;
				ENABLE_TESTABILITY = YES;
				GCC_C_LANGUAGE_STANDARD = gnu11;
				GCC_DYNAMIC_NO_PIC = NO;
				GCC_NO_COMMON_BLOCKS = YES;
				GCC_OPTIMIZATION_LEVEL = 0;
				GCC_PREPROCESSOR_DEFINITIONS = (
					"DEBUG=1",
					"$(inherited)",
				);
				GCC_WARN_64_TO_32_BIT_CONVERSION = YES;
				GCC_WARN_ABOUT_RETURN_TYPE = YES_ERROR;
				GCC_WARN_UNDECLARED_SELECTOR = YES;
				GCC_WARN_UNINITIALIZED_AUTOS = YES_AGGRESSIVE;
				GCC_WARN_UNUSED_FUNCTION = YES;
				GCC_WARN_UNUSED_VARIABLE = YES;
				IPHONEOS_DEPLOYMENT_TARGET = 13.2;
				MTL_ENABLE_DEBUG_INFO = INCLUDE_SOURCE;
				MTL_FAST_MATH = YES;
				ONLY_ACTIVE_ARCH = YES;
				SDKROOT = iphoneos;
				SWIFT_ACTIVE_COMPILATION_CONDITIONS = DEBUG;
				SWIFT_OPTIMIZATION_LEVEL = "-Onone";
			};
			name = Debug;
		};
		D0ADA4A323AB09DC0060409D /* Release */ = {
			isa = XCBuildConfiguration;
			buildSettings = {
				ALWAYS_SEARCH_USER_PATHS = NO;
				CLANG_ANALYZER_NONNULL = YES;
				CLANG_ANALYZER_NUMBER_OBJECT_CONVERSION = YES_AGGRESSIVE;
				CLANG_CXX_LANGUAGE_STANDARD = "gnu++14";
				CLANG_CXX_LIBRARY = "libc++";
				CLANG_ENABLE_MODULES = YES;
				CLANG_ENABLE_OBJC_ARC = YES;
				CLANG_ENABLE_OBJC_WEAK = YES;
				CLANG_WARN_BLOCK_CAPTURE_AUTORELEASING = YES;
				CLANG_WARN_BOOL_CONVERSION = YES;
				CLANG_WARN_COMMA = YES;
				CLANG_WARN_CONSTANT_CONVERSION = YES;
				CLANG_WARN_DEPRECATED_OBJC_IMPLEMENTATIONS = YES;
				CLANG_WARN_DIRECT_OBJC_ISA_USAGE = YES_ERROR;
				CLANG_WARN_DOCUMENTATION_COMMENTS = YES;
				CLANG_WARN_EMPTY_BODY = YES;
				CLANG_WARN_ENUM_CONVERSION = YES;
				CLANG_WARN_INFINITE_RECURSION = YES;
				CLANG_WARN_INT_CONVERSION = YES;
				CLANG_WARN_NON_LITERAL_NULL_CONVERSION = YES;
				CLANG_WARN_OBJC_IMPLICIT_RETAIN_SELF = YES;
				CLANG_WARN_OBJC_LITERAL_CONVERSION = YES;
				CLANG_WARN_OBJC_ROOT_CLASS = YES_ERROR;
				CLANG_WARN_RANGE_LOOP_ANALYSIS = YES;
				CLANG_WARN_STRICT_PROTOTYPES = YES;
				CLANG_WARN_SUSPICIOUS_MOVE = YES;
				CLANG_WARN_UNGUARDED_AVAILABILITY = YES_AGGRESSIVE;
				CLANG_WARN_UNREACHABLE_CODE = YES;
				CLANG_WARN__DUPLICATE_METHOD_MATCH = YES;
				COPY_PHASE_STRIP = NO;
				DEBUG_INFORMATION_FORMAT = "dwarf-with-dsym";
				ENABLE_NS_ASSERTIONS = NO;
				ENABLE_STRICT_OBJC_MSGSEND = YES;
				GCC_C_LANGUAGE_STANDARD = gnu11;
				GCC_NO_COMMON_BLOCKS = YES;
				GCC_WARN_64_TO_32_BIT_CONVERSION = YES;
				GCC_WARN_ABOUT_RETURN_TYPE = YES_ERROR;
				GCC_WARN_UNDECLARED_SELECTOR = YES;
				GCC_WARN_UNINITIALIZED_AUTOS = YES_AGGRESSIVE;
				GCC_WARN_UNUSED_FUNCTION = YES;
				GCC_WARN_UNUSED_VARIABLE = YES;
				IPHONEOS_DEPLOYMENT_TARGET = 13.2;
				MTL_ENABLE_DEBUG_INFO = NO;
				MTL_FAST_MATH = YES;
				SDKROOT = iphoneos;
				SWIFT_COMPILATION_MODE = wholemodule;
				SWIFT_OPTIMIZATION_LEVEL = "-O";
				VALIDATE_PRODUCT = YES;
			};
			name = Release;
		};
		D0ADA4A523AB09DC0060409D /* Debug */ = {
			isa = XCBuildConfiguration;
			baseConfigurationReference = 7570946D0752EDB873964995 /* Pods-Bopy.debug.xcconfig */;
			buildSettings = {
				ASSETCATALOG_COMPILER_APPICON_NAME = AppIcon;
				CODE_SIGN_STYLE = Automatic;
				DEVELOPMENT_TEAM = 7A2CTCTHSR;
				INFOPLIST_FILE = Bopy/Info.plist;
				IPHONEOS_DEPLOYMENT_TARGET = 9.0;
				LD_RUNPATH_SEARCH_PATHS = (
					"$(inherited)",
					"@executable_path/Frameworks",
				);
				PRODUCT_BUNDLE_IDENTIFIER = org.ben.Bopy;
				PRODUCT_NAME = "$(TARGET_NAME)";
				SWIFT_VERSION = 5.0;
				TARGETED_DEVICE_FAMILY = "1,2";
			};
			name = Debug;
		};
		D0ADA4A623AB09DC0060409D /* Release */ = {
			isa = XCBuildConfiguration;
			baseConfigurationReference = BF5BC72D22621B428FE3ECA4 /* Pods-Bopy.release.xcconfig */;
			buildSettings = {
				ASSETCATALOG_COMPILER_APPICON_NAME = AppIcon;
				CODE_SIGN_STYLE = Automatic;
				DEVELOPMENT_TEAM = 7A2CTCTHSR;
				INFOPLIST_FILE = Bopy/Info.plist;
				IPHONEOS_DEPLOYMENT_TARGET = 9.0;
				LD_RUNPATH_SEARCH_PATHS = (
					"$(inherited)",
					"@executable_path/Frameworks",
				);
				PRODUCT_BUNDLE_IDENTIFIER = org.ben.Bopy;
				PRODUCT_NAME = "$(TARGET_NAME)";
				SWIFT_VERSION = 5.0;
				TARGETED_DEVICE_FAMILY = "1,2";
			};
			name = Release;
		};
/* End XCBuildConfiguration section */

/* Begin XCConfigurationList section */
		D0ADA48B23AB09DC0060409D /* Build configuration list for PBXProject "Bopy" */ = {
			isa = XCConfigurationList;
			buildConfigurations = (
				D0ADA4A223AB09DC0060409D /* Debug */,
				D0ADA4A323AB09DC0060409D /* Release */,
			);
			defaultConfigurationIsVisible = 0;
			defaultConfigurationName = Release;
		};
		D0ADA4A423AB09DC0060409D /* Build configuration list for PBXNativeTarget "Bopy" */ = {
			isa = XCConfigurationList;
			buildConfigurations = (
				D0ADA4A523AB09DC0060409D /* Debug */,
				D0ADA4A623AB09DC0060409D /* Release */,
			);
			defaultConfigurationIsVisible = 0;
			defaultConfigurationName = Release;
		};
/* End XCConfigurationList section */
	};
	rootObject = D0ADA48823AB09DC0060409D /* Project object */;
}
